// !$*UTF8*$!
{
	archiveVersion = 1;
	classes = {
	};
	objectVersion = 48;
	objects = {

/* Begin PBXBuildFile section */
		6605E7D32003234E00B3A154 /* AppDelegate.swift in Sources */ = {isa = PBXBuildFile; fileRef = 6605E7D22003234E00B3A154 /* AppDelegate.swift */; };
		6605E7D52003234E00B3A154 /* ViewController.swift in Sources */ = {isa = PBXBuildFile; fileRef = 6605E7D42003234E00B3A154 /* ViewController.swift */; };
		6605E7D82003234E00B3A154 /* Main.storyboard in Resources */ = {isa = PBXBuildFile; fileRef = 6605E7D62003234E00B3A154 /* Main.storyboard */; };
		6605E7DA2003234E00B3A154 /* Assets.xcassets in Resources */ = {isa = PBXBuildFile; fileRef = 6605E7D92003234E00B3A154 /* Assets.xcassets */; };
		6605E7DD2003234E00B3A154 /* LaunchScreen.storyboard in Resources */ = {isa = PBXBuildFile; fileRef = 6605E7DB2003234E00B3A154 /* LaunchScreen.storyboard */; };
		66D0786A202AABB30062F4D7 /* FirstExecuteViewController.swift in Sources */ = {isa = PBXBuildFile; fileRef = 66D07869202AABB30062F4D7 /* FirstExecuteViewController.swift */; };
		66D07874202BF0DB0062F4D7 /* FirstExecute.storyboard in Resources */ = {isa = PBXBuildFile; fileRef = 66D07873202BF0DB0062F4D7 /* FirstExecute.storyboard */; };
		66D07876202BF15B0062F4D7 /* NoticeTab.storyboard in Resources */ = {isa = PBXBuildFile; fileRef = 66D07875202BF15B0062F4D7 /* NoticeTab.storyboard */; };
		66D07878202BF2230062F4D7 /* InfoTab.storyboard in Resources */ = {isa = PBXBuildFile; fileRef = 66D07877202BF2230062F4D7 /* InfoTab.storyboard */; };
		66D0787A202BF34A0062F4D7 /* SubmitTab.storyboard in Resources */ = {isa = PBXBuildFile; fileRef = 66D07879202BF34A0062F4D7 /* SubmitTab.storyboard */; };
		66D07889202C248B0062F4D7 /* SettingTab.storyboard in Resources */ = {isa = PBXBuildFile; fileRef = 66D07888202C248B0062F4D7 /* SettingTab.storyboard */; };
		66D078AC202C2D170062F4D7 /* SettingTabTableViewController.swift in Sources */ = {isa = PBXBuildFile; fileRef = 66D078AB202C2D170062F4D7 /* SettingTabTableViewController.swift */; };
		66D078B2202C35DE0062F4D7 /* SubmitTab1CollectionViewCell.swift in Sources */ = {isa = PBXBuildFile; fileRef = 66D078B1202C35DE0062F4D7 /* SubmitTab1CollectionViewCell.swift */; };
		66E49E6F202959F6006AF127 /* Definition.swift in Sources */ = {isa = PBXBuildFile; fileRef = 66E49E6E202959F6006AF127 /* Definition.swift */; };
		66E49E7120295B5B006AF127 /* Data.swift in Sources */ = {isa = PBXBuildFile; fileRef = 66E49E7020295B5B006AF127 /* Data.swift */; };
		8463B3F02030CE090031C1DD /* SettingTabTableViewCell.swift in Sources */ = {isa = PBXBuildFile; fileRef = 8463B3EF2030CE090031C1DD /* SettingTabTableViewCell.swift */; };
		84841081202EF3D800A9B97E /* SubmitSupportTableViewController.swift in Sources */ = {isa = PBXBuildFile; fileRef = 84841080202EF3D800A9B97E /* SubmitSupportTableViewController.swift */; };
		849BAFF1205295FD004D9913 /* Cafeteria.storyboard in Resources */ = {isa = PBXBuildFile; fileRef = 849BAFF0205295FD004D9913 /* Cafeteria.storyboard */; };
		849BAFF42052980B004D9913 /* facility.swift in Sources */ = {isa = PBXBuildFile; fileRef = 849BAFF32052980B004D9913 /* facility.swift */; };
		941E1574204C66F00073DD68 /* GoogleService-Info.plist in Resources */ = {isa = PBXBuildFile; fileRef = 941E1573204C66EF0073DD68 /* GoogleService-Info.plist */; };
		941E1576204C6BA40073DD68 /* NoticeMainTableViewController.swift in Sources */ = {isa = PBXBuildFile; fileRef = 941E1575204C6BA40073DD68 /* NoticeMainTableViewController.swift */; };
		9437997E202F57D700EB79AA /* InfoMainViewController.swift in Sources */ = {isa = PBXBuildFile; fileRef = 9437997D202F57D700EB79AA /* InfoMainViewController.swift */; };
		94379980202F83AD00EB79AA /* InfoMainCollectionViewCell.swift in Sources */ = {isa = PBXBuildFile; fileRef = 9437997F202F83AD00EB79AA /* InfoMainCollectionViewCell.swift */; };
		9458B271202E0875007C2A8C /* SubmitTabViewController.swift in Sources */ = {isa = PBXBuildFile; fileRef = 9458B270202E0874007C2A8C /* SubmitTabViewController.swift */; };
		9458B273202E0DE0007C2A8C /* SubmitTab2CollectionViewCell.swift in Sources */ = {isa = PBXBuildFile; fileRef = 9458B272202E0DE0007C2A8C /* SubmitTab2CollectionViewCell.swift */; };
		9486DBF9203DFF720050E8AB /* Cafeteria.swift in Sources */ = {isa = PBXBuildFile; fileRef = 9486DBF8203DFF720050E8AB /* Cafeteria.swift */; };
		948BC73D20353F7A003D467B /* SettingTabPickerView.swift in Sources */ = {isa = PBXBuildFile; fileRef = 948BC73C20353F7A003D467B /* SettingTabPickerView.swift */; };
		FD15CAD61DFA2574E415FC4F /* Pods_CAUDormitory.framework in Frameworks */ = {isa = PBXBuildFile; fileRef = A1CFA6A8F332E308C39637DE /* Pods_CAUDormitory.framework */; };
/* End PBXBuildFile section */

/* Begin PBXFileReference section */
		6605E7CF2003234E00B3A154 /* CAUDormitory.app */ = {isa = PBXFileReference; explicitFileType = wrapper.application; includeInIndex = 0; path = CAUDormitory.app; sourceTree = BUILT_PRODUCTS_DIR; };
		6605E7D22003234E00B3A154 /* AppDelegate.swift */ = {isa = PBXFileReference; lastKnownFileType = sourcecode.swift; path = AppDelegate.swift; sourceTree = "<group>"; };
		6605E7D42003234E00B3A154 /* ViewController.swift */ = {isa = PBXFileReference; lastKnownFileType = sourcecode.swift; path = ViewController.swift; sourceTree = "<group>"; };
		6605E7D72003234E00B3A154 /* Base */ = {isa = PBXFileReference; lastKnownFileType = file.storyboard; name = Base; path = Base.lproj/Main.storyboard; sourceTree = "<group>"; };
		6605E7D92003234E00B3A154 /* Assets.xcassets */ = {isa = PBXFileReference; lastKnownFileType = folder.assetcatalog; path = Assets.xcassets; sourceTree = "<group>"; };
		6605E7DC2003234E00B3A154 /* Base */ = {isa = PBXFileReference; lastKnownFileType = file.storyboard; name = Base; path = Base.lproj/LaunchScreen.storyboard; sourceTree = "<group>"; };
		6605E7DE2003234E00B3A154 /* Info.plist */ = {isa = PBXFileReference; lastKnownFileType = text.plist.xml; path = Info.plist; sourceTree = "<group>"; };
		66D07869202AABB30062F4D7 /* FirstExecuteViewController.swift */ = {isa = PBXFileReference; lastKnownFileType = sourcecode.swift; path = FirstExecuteViewController.swift; sourceTree = "<group>"; };
		66D07873202BF0DB0062F4D7 /* FirstExecute.storyboard */ = {isa = PBXFileReference; lastKnownFileType = file.storyboard; path = FirstExecute.storyboard; sourceTree = "<group>"; };
		66D07875202BF15B0062F4D7 /* NoticeTab.storyboard */ = {isa = PBXFileReference; lastKnownFileType = file.storyboard; path = NoticeTab.storyboard; sourceTree = "<group>"; };
		66D07877202BF2230062F4D7 /* InfoTab.storyboard */ = {isa = PBXFileReference; lastKnownFileType = file.storyboard; path = InfoTab.storyboard; sourceTree = "<group>"; };
		66D07879202BF34A0062F4D7 /* SubmitTab.storyboard */ = {isa = PBXFileReference; lastKnownFileType = file.storyboard; path = SubmitTab.storyboard; sourceTree = "<group>"; };
		66D07888202C248B0062F4D7 /* SettingTab.storyboard */ = {isa = PBXFileReference; lastKnownFileType = file.storyboard; path = SettingTab.storyboard; sourceTree = "<group>"; };
		66D078AB202C2D170062F4D7 /* SettingTabTableViewController.swift */ = {isa = PBXFileReference; lastKnownFileType = sourcecode.swift; path = SettingTabTableViewController.swift; sourceTree = "<group>"; };
		66D078B1202C35DE0062F4D7 /* SubmitTab1CollectionViewCell.swift */ = {isa = PBXFileReference; lastKnownFileType = sourcecode.swift; path = SubmitTab1CollectionViewCell.swift; sourceTree = "<group>"; };
		66E49E6E202959F6006AF127 /* Definition.swift */ = {isa = PBXFileReference; lastKnownFileType = sourcecode.swift; path = Definition.swift; sourceTree = "<group>"; };
		66E49E7020295B5B006AF127 /* Data.swift */ = {isa = PBXFileReference; lastKnownFileType = sourcecode.swift; path = Data.swift; sourceTree = "<group>"; };
		8463B3EF2030CE090031C1DD /* SettingTabTableViewCell.swift */ = {isa = PBXFileReference; lastKnownFileType = sourcecode.swift; path = SettingTabTableViewCell.swift; sourceTree = "<group>"; };
		84841080202EF3D800A9B97E /* SubmitSupportTableViewController.swift */ = {isa = PBXFileReference; lastKnownFileType = sourcecode.swift; path = SubmitSupportTableViewController.swift; sourceTree = "<group>"; };
		849BAFF0205295FD004D9913 /* Cafeteria.storyboard */ = {isa = PBXFileReference; lastKnownFileType = file.storyboard; path = Cafeteria.storyboard; sourceTree = "<group>"; };
		849BAFF32052980B004D9913 /* facility.swift */ = {isa = PBXFileReference; lastKnownFileType = sourcecode.swift; path = facility.swift; sourceTree = "<group>"; };
		941E1573204C66EF0073DD68 /* GoogleService-Info.plist */ = {isa = PBXFileReference; fileEncoding = 4; lastKnownFileType = text.plist.xml; path = "GoogleService-Info.plist"; sourceTree = "<group>"; };
		941E1575204C6BA40073DD68 /* NoticeMainTableViewController.swift */ = {isa = PBXFileReference; lastKnownFileType = sourcecode.swift; path = NoticeMainTableViewController.swift; sourceTree = "<group>"; };
		9437997D202F57D700EB79AA /* InfoMainViewController.swift */ = {isa = PBXFileReference; lastKnownFileType = sourcecode.swift; path = InfoMainViewController.swift; sourceTree = "<group>"; };
		9437997F202F83AD00EB79AA /* InfoMainCollectionViewCell.swift */ = {isa = PBXFileReference; lastKnownFileType = sourcecode.swift; path = InfoMainCollectionViewCell.swift; sourceTree = "<group>"; };
		9458B270202E0874007C2A8C /* SubmitTabViewController.swift */ = {isa = PBXFileReference; lastKnownFileType = sourcecode.swift; path = SubmitTabViewController.swift; sourceTree = "<group>"; };
		9458B272202E0DE0007C2A8C /* SubmitTab2CollectionViewCell.swift */ = {isa = PBXFileReference; lastKnownFileType = sourcecode.swift; path = SubmitTab2CollectionViewCell.swift; sourceTree = "<group>"; };
		9486DBF8203DFF720050E8AB /* Cafeteria.swift */ = {isa = PBXFileReference; lastKnownFileType = sourcecode.swift; path = Cafeteria.swift; sourceTree = "<group>"; };
		948BC73C20353F7A003D467B /* SettingTabPickerView.swift */ = {isa = PBXFileReference; lastKnownFileType = sourcecode.swift; path = SettingTabPickerView.swift; sourceTree = "<group>"; };
		A1CFA6A8F332E308C39637DE /* Pods_CAUDormitory.framework */ = {isa = PBXFileReference; explicitFileType = wrapper.framework; includeInIndex = 0; path = Pods_CAUDormitory.framework; sourceTree = BUILT_PRODUCTS_DIR; };
		B5251473F36A6C6789C0B38D /* Pods-CAUDormitory.debug.xcconfig */ = {isa = PBXFileReference; includeInIndex = 1; lastKnownFileType = text.xcconfig; name = "Pods-CAUDormitory.debug.xcconfig"; path = "Pods/Target Support Files/Pods-CAUDormitory/Pods-CAUDormitory.debug.xcconfig"; sourceTree = "<group>"; };
		E6639565FCC93778C9B151A6 /* Pods-CAUDormitory.release.xcconfig */ = {isa = PBXFileReference; includeInIndex = 1; lastKnownFileType = text.xcconfig; name = "Pods-CAUDormitory.release.xcconfig"; path = "Pods/Target Support Files/Pods-CAUDormitory/Pods-CAUDormitory.release.xcconfig"; sourceTree = "<group>"; };
/* End PBXFileReference section */

/* Begin PBXFrameworksBuildPhase section */
		6605E7CC2003234E00B3A154 /* Frameworks */ = {
			isa = PBXFrameworksBuildPhase;
			buildActionMask = 2147483647;
			files = (
				FD15CAD61DFA2574E415FC4F /* Pods_CAUDormitory.framework in Frameworks */,
			);
			runOnlyForDeploymentPostprocessing = 0;
		};
/* End PBXFrameworksBuildPhase section */

/* Begin PBXGroup section */
		623C2B8FEECB45E61D84DF0C /* Pods */ = {
			isa = PBXGroup;
			children = (
				B5251473F36A6C6789C0B38D /* Pods-CAUDormitory.debug.xcconfig */,
				E6639565FCC93778C9B151A6 /* Pods-CAUDormitory.release.xcconfig */,
			);
			name = Pods;
			sourceTree = "<group>";
		};
		6605E7C62003234E00B3A154 = {
			isa = PBXGroup;
			children = (
				6605E7D12003234E00B3A154 /* CAUDormitory */,
				6605E7D02003234E00B3A154 /* Products */,
				623C2B8FEECB45E61D84DF0C /* Pods */,
				7CD805C09857ACABFEB27D0C /* Frameworks */,
			);
			sourceTree = "<group>";
		};
		6605E7D02003234E00B3A154 /* Products */ = {
			isa = PBXGroup;
			children = (
				6605E7CF2003234E00B3A154 /* CAUDormitory.app */,
			);
			name = Products;
			sourceTree = "<group>";
		};
		6605E7D12003234E00B3A154 /* CAUDormitory */ = {
			isa = PBXGroup;
			children = (
				66D0786D202AABF50062F4D7 /* FirstExecute */,
				66D07871202BF0570062F4D7 /* InfoTab */,
				66D07872202BF06D0062F4D7 /* SubmitTab */,
				66D07870202BF0450062F4D7 /* NoticeTab */,
				66D07881202BFFFF0062F4D7 /* SettingTab */,
				6605E7D22003234E00B3A154 /* AppDelegate.swift */,
				6605E7D42003234E00B3A154 /* ViewController.swift */,
				6605E7D62003234E00B3A154 /* Main.storyboard */,
				6605E7DB2003234E00B3A154 /* LaunchScreen.storyboard */,
				6605E7D92003234E00B3A154 /* Assets.xcassets */,
				6605E7DE2003234E00B3A154 /* Info.plist */,
				941E1573204C66EF0073DD68 /* GoogleService-Info.plist */,
				66E49E6B2029598A006AF127 /* DataSets */,
			);
			path = CAUDormitory;
			sourceTree = "<group>";
		};
		66D0786D202AABF50062F4D7 /* FirstExecute */ = {
			isa = PBXGroup;
			children = (
				66D07873202BF0DB0062F4D7 /* FirstExecute.storyboard */,
				66D07869202AABB30062F4D7 /* FirstExecuteViewController.swift */,
			);
			path = FirstExecute;
			sourceTree = "<group>";
		};
		66D07870202BF0450062F4D7 /* NoticeTab */ = {
			isa = PBXGroup;
			children = (
				66D07875202BF15B0062F4D7 /* NoticeTab.storyboard */,
				941E1575204C6BA40073DD68 /* NoticeMainTableViewController.swift */,
			);
			path = NoticeTab;
			sourceTree = "<group>";
		};
		66D07871202BF0570062F4D7 /* InfoTab */ = {
			isa = PBXGroup;
			children = (
				66D07877202BF2230062F4D7 /* InfoTab.storyboard */,
				9437997D202F57D700EB79AA /* InfoMainViewController.swift */,
				9437997F202F83AD00EB79AA /* InfoMainCollectionViewCell.swift */,
				9486DBF7203DFF4B0050E8AB /* Detail */,
			);
			path = InfoTab;
			sourceTree = "<group>";
		};
		66D07872202BF06D0062F4D7 /* SubmitTab */ = {
			isa = PBXGroup;
			children = (
				66D07879202BF34A0062F4D7 /* SubmitTab.storyboard */,
				9458B270202E0874007C2A8C /* SubmitTabViewController.swift */,
				66D078B1202C35DE0062F4D7 /* SubmitTab1CollectionViewCell.swift */,
				9458B272202E0DE0007C2A8C /* SubmitTab2CollectionViewCell.swift */,
				84841080202EF3D800A9B97E /* SubmitSupportTableViewController.swift */,
			);
			path = SubmitTab;
			sourceTree = "<group>";
		};
		66D07881202BFFFF0062F4D7 /* SettingTab */ = {
			isa = PBXGroup;
			children = (
				66D07888202C248B0062F4D7 /* SettingTab.storyboard */,
				66D078AB202C2D170062F4D7 /* SettingTabTableViewController.swift */,
				8463B3EF2030CE090031C1DD /* SettingTabTableViewCell.swift */,
				948BC73C20353F7A003D467B /* SettingTabPickerView.swift */,
			);
			path = SettingTab;
			sourceTree = "<group>";
		};
		66E49E6B2029598A006AF127 /* DataSets */ = {
			isa = PBXGroup;
			children = (
				66E49E6E202959F6006AF127 /* Definition.swift */,
				66E49E7020295B5B006AF127 /* Data.swift */,
			);
			path = DataSets;
			sourceTree = "<group>";
		};
		7CD805C09857ACABFEB27D0C /* Frameworks */ = {
			isa = PBXGroup;
			children = (
				A1CFA6A8F332E308C39637DE /* Pods_CAUDormitory.framework */,
			);
			name = Frameworks;
			sourceTree = "<group>";
		};
		849BAFF220529601004D9913 /* Cafeteria */ = {
			isa = PBXGroup;
			children = (
				849BAFF0205295FD004D9913 /* Cafeteria.storyboard */,
				9486DBF8203DFF720050E8AB /* Cafeteria.swift */,
			);
			path = Cafeteria;
			sourceTree = "<group>";
		};
		9486DBF7203DFF4B0050E8AB /* Detail */ = {
			isa = PBXGroup;
			children = (
				849BAFF32052980B004D9913 /* facility.swift */,
				849BAFF220529601004D9913 /* Cafeteria */,
			);
			path = Detail;
			sourceTree = "<group>";
		};
/* End PBXGroup section */

/* Begin PBXNativeTarget section */
		6605E7CE2003234E00B3A154 /* CAUDormitory */ = {
			isa = PBXNativeTarget;
			buildConfigurationList = 6605E7E12003234E00B3A154 /* Build configuration list for PBXNativeTarget "CAUDormitory" */;
			buildPhases = (
				71DEC3CF6188A3FB4C07787B /* [CP] Check Pods Manifest.lock */,
				6605E7CB2003234E00B3A154 /* Sources */,
				6605E7CC2003234E00B3A154 /* Frameworks */,
				6605E7CD2003234E00B3A154 /* Resources */,
				DF546DFAD48D113D59C4BFEC /* [CP] Embed Pods Frameworks */,
				1200857BE6C47E88E63DAE5B /* [CP] Copy Pods Resources */,
			);
			buildRules = (
			);
			dependencies = (
			);
			name = CAUDormitory;
			productName = TestProj;
			productReference = 6605E7CF2003234E00B3A154 /* CAUDormitory.app */;
			productType = "com.apple.product-type.application";
		};
/* End PBXNativeTarget section */

/* Begin PBXProject section */
		6605E7C72003234E00B3A154 /* Project object */ = {
			isa = PBXProject;
			attributes = {
				LastSwiftUpdateCheck = 0920;
				LastUpgradeCheck = 0920;
				ORGANIZATIONNAME = CAUADC;
				TargetAttributes = {
					6605E7CE2003234E00B3A154 = {
						CreatedOnToolsVersion = 9.2;
						ProvisioningStyle = Automatic;
					};
				};
			};
			buildConfigurationList = 6605E7CA2003234E00B3A154 /* Build configuration list for PBXProject "CAUDormitory" */;
			compatibilityVersion = "Xcode 8.0";
			developmentRegion = en;
			hasScannedForEncodings = 0;
			knownRegions = (
				en,
				Base,
			);
			mainGroup = 6605E7C62003234E00B3A154;
			productRefGroup = 6605E7D02003234E00B3A154 /* Products */;
			projectDirPath = "";
			projectRoot = "";
			targets = (
				6605E7CE2003234E00B3A154 /* CAUDormitory */,
			);
		};
/* End PBXProject section */

/* Begin PBXResourcesBuildPhase section */
		6605E7CD2003234E00B3A154 /* Resources */ = {
			isa = PBXResourcesBuildPhase;
			buildActionMask = 2147483647;
			files = (
				6605E7DD2003234E00B3A154 /* LaunchScreen.storyboard in Resources */,
				66D07889202C248B0062F4D7 /* SettingTab.storyboard in Resources */,
				941E1574204C66F00073DD68 /* GoogleService-Info.plist in Resources */,
				66D07874202BF0DB0062F4D7 /* FirstExecute.storyboard in Resources */,
				6605E7DA2003234E00B3A154 /* Assets.xcassets in Resources */,
				66D0787A202BF34A0062F4D7 /* SubmitTab.storyboard in Resources */,
				6605E7D82003234E00B3A154 /* Main.storyboard in Resources */,
				66D07878202BF2230062F4D7 /* InfoTab.storyboard in Resources */,
				66D07876202BF15B0062F4D7 /* NoticeTab.storyboard in Resources */,
				849BAFF1205295FD004D9913 /* Cafeteria.storyboard in Resources */,
			);
			runOnlyForDeploymentPostprocessing = 0;
		};
/* End PBXResourcesBuildPhase section */

/* Begin PBXShellScriptBuildPhase section */
		1200857BE6C47E88E63DAE5B /* [CP] Copy Pods Resources */ = {
			isa = PBXShellScriptBuildPhase;
			buildActionMask = 2147483647;
			files = (
			);
			inputPaths = (
			);
			name = "[CP] Copy Pods Resources";
			outputPaths = (
			);
			runOnlyForDeploymentPostprocessing = 0;
			shellPath = /bin/sh;
			shellScript = "\"${SRCROOT}/Pods/Target Support Files/Pods-CAUDormitory/Pods-CAUDormitory-resources.sh\"\n";
			showEnvVarsInLog = 0;
		};
		71DEC3CF6188A3FB4C07787B /* [CP] Check Pods Manifest.lock */ = {
			isa = PBXShellScriptBuildPhase;
			buildActionMask = 2147483647;
			files = (
			);
			inputPaths = (
				"${PODS_PODFILE_DIR_PATH}/Podfile.lock",
				"${PODS_ROOT}/Manifest.lock",
			);
			name = "[CP] Check Pods Manifest.lock";
			outputPaths = (
				"$(DERIVED_FILE_DIR)/Pods-CAUDormitory-checkManifestLockResult.txt",
			);
			runOnlyForDeploymentPostprocessing = 0;
			shellPath = /bin/sh;
			shellScript = "diff \"${PODS_PODFILE_DIR_PATH}/Podfile.lock\" \"${PODS_ROOT}/Manifest.lock\" > /dev/null\nif [ $? != 0 ] ; then\n    # print error to STDERR\n    echo \"error: The sandbox is not in sync with the Podfile.lock. Run 'pod install' or update your CocoaPods installation.\" >&2\n    exit 1\nfi\n# This output is used by Xcode 'outputs' to avoid re-running this script phase.\necho \"SUCCESS\" > \"${SCRIPT_OUTPUT_FILE_0}\"\n";
			showEnvVarsInLog = 0;
		};
		DF546DFAD48D113D59C4BFEC /* [CP] Embed Pods Frameworks */ = {
			isa = PBXShellScriptBuildPhase;
			buildActionMask = 2147483647;
			files = (
			);
			inputPaths = (
				"${SRCROOT}/Pods/Target Support Files/Pods-CAUDormitory/Pods-CAUDormitory-frameworks.sh",
				"${BUILT_PRODUCTS_DIR}/GoogleToolboxForMac/GoogleToolboxForMac.framework",
				"${BUILT_PRODUCTS_DIR}/leveldb-library/leveldb.framework",
				"${BUILT_PRODUCTS_DIR}/nanopb/nanopb.framework",
			);
			name = "[CP] Embed Pods Frameworks";
			outputPaths = (
				"${TARGET_BUILD_DIR}/${FRAMEWORKS_FOLDER_PATH}/GoogleToolboxForMac.framework",
				"${TARGET_BUILD_DIR}/${FRAMEWORKS_FOLDER_PATH}/leveldb.framework",
				"${TARGET_BUILD_DIR}/${FRAMEWORKS_FOLDER_PATH}/nanopb.framework",
			);
			runOnlyForDeploymentPostprocessing = 0;
			shellPath = /bin/sh;
			shellScript = "\"${SRCROOT}/Pods/Target Support Files/Pods-CAUDormitory/Pods-CAUDormitory-frameworks.sh\"\n";
			showEnvVarsInLog = 0;
		};
/* End PBXShellScriptBuildPhase section */

/* Begin PBXSourcesBuildPhase section */
		6605E7CB2003234E00B3A154 /* Sources */ = {
			isa = PBXSourcesBuildPhase;
			buildActionMask = 2147483647;
			files = (
				94379980202F83AD00EB79AA /* InfoMainCollectionViewCell.swift in Sources */,
				84841081202EF3D800A9B97E /* SubmitSupportTableViewController.swift in Sources */,
				66D0786A202AABB30062F4D7 /* FirstExecuteViewController.swift in Sources */,
				66E49E7120295B5B006AF127 /* Data.swift in Sources */,
				6605E7D52003234E00B3A154 /* ViewController.swift in Sources */,
				6605E7D32003234E00B3A154 /* AppDelegate.swift in Sources */,
				9458B271202E0875007C2A8C /* SubmitTabViewController.swift in Sources */,
				66E49E6F202959F6006AF127 /* Definition.swift in Sources */,
				9486DBF9203DFF720050E8AB /* Cafeteria.swift in Sources */,
				66D078B2202C35DE0062F4D7 /* SubmitTab1CollectionViewCell.swift in Sources */,
				66D078AC202C2D170062F4D7 /* SettingTabTableViewController.swift in Sources */,
				9458B273202E0DE0007C2A8C /* SubmitTab2CollectionViewCell.swift in Sources */,
				941E1576204C6BA40073DD68 /* NoticeMainTableViewController.swift in Sources */,
				849BAFF42052980B004D9913 /* facility.swift in Sources */,
				9437997E202F57D700EB79AA /* InfoMainViewController.swift in Sources */,
				8463B3F02030CE090031C1DD /* SettingTabTableViewCell.swift in Sources */,
				948BC73D20353F7A003D467B /* SettingTabPickerView.swift in Sources */,
			);
			runOnlyForDeploymentPostprocessing = 0;
		};
/* End PBXSourcesBuildPhase section */

/* Begin PBXVariantGroup section */
		6605E7D62003234E00B3A154 /* Main.storyboard */ = {
			isa = PBXVariantGroup;
			children = (
				6605E7D72003234E00B3A154 /* Base */,
			);
			name = Main.storyboard;
			sourceTree = "<group>";
		};
		6605E7DB2003234E00B3A154 /* LaunchScreen.storyboard */ = {
			isa = PBXVariantGroup;
			children = (
				6605E7DC2003234E00B3A154 /* Base */,
			);
			name = LaunchScreen.storyboard;
			sourceTree = "<group>";
		};
/* End PBXVariantGroup section */

/* Begin XCBuildConfiguration section */
		6605E7DF2003234E00B3A154 /* Debug */ = {
			isa = XCBuildConfiguration;
			buildSettings = {
				ALWAYS_SEARCH_USER_PATHS = NO;
				CLANG_ANALYZER_NONNULL = YES;
				CLANG_ANALYZER_NUMBER_OBJECT_CONVERSION = YES_AGGRESSIVE;
				CLANG_CXX_LANGUAGE_STANDARD = "gnu++14";
				CLANG_CXX_LIBRARY = "libc++";
				CLANG_ENABLE_MODULES = YES;
				CLANG_ENABLE_OBJC_ARC = YES;
				CLANG_WARN_BLOCK_CAPTURE_AUTORELEASING = YES;
				CLANG_WARN_BOOL_CONVERSION = YES;
				CLANG_WARN_COMMA = YES;
				CLANG_WARN_CONSTANT_CONVERSION = YES;
				CLANG_WARN_DIRECT_OBJC_ISA_USAGE = YES_ERROR;
				CLANG_WARN_DOCUMENTATION_COMMENTS = YES;
				CLANG_WARN_EMPTY_BODY = YES;
				CLANG_WARN_ENUM_CONVERSION = YES;
				CLANG_WARN_INFINITE_RECURSION = YES;
				CLANG_WARN_INT_CONVERSION = YES;
				CLANG_WARN_NON_LITERAL_NULL_CONVERSION = YES;
				CLANG_WARN_OBJC_LITERAL_CONVERSION = YES;
				CLANG_WARN_OBJC_ROOT_CLASS = YES_ERROR;
				CLANG_WARN_RANGE_LOOP_ANALYSIS = YES;
				CLANG_WARN_STRICT_PROTOTYPES = YES;
				CLANG_WARN_SUSPICIOUS_MOVE = YES;
				CLANG_WARN_UNGUARDED_AVAILABILITY = YES_AGGRESSIVE;
				CLANG_WARN_UNREACHABLE_CODE = YES;
				CLANG_WARN__DUPLICATE_METHOD_MATCH = YES;
				CODE_SIGN_IDENTITY = "iPhone Developer";
				COPY_PHASE_STRIP = NO;
				DEBUG_INFORMATION_FORMAT = dwarf;
				ENABLE_STRICT_OBJC_MSGSEND = YES;
				ENABLE_TESTABILITY = YES;
				GCC_C_LANGUAGE_STANDARD = gnu11;
				GCC_DYNAMIC_NO_PIC = NO;
				GCC_NO_COMMON_BLOCKS = YES;
				GCC_OPTIMIZATION_LEVEL = 0;
				GCC_PREPROCESSOR_DEFINITIONS = (
					"DEBUG=1",
					"$(inherited)",
				);
				GCC_WARN_64_TO_32_BIT_CONVERSION = YES;
				GCC_WARN_ABOUT_RETURN_TYPE = YES_ERROR;
				GCC_WARN_UNDECLARED_SELECTOR = YES;
				GCC_WARN_UNINITIALIZED_AUTOS = YES_AGGRESSIVE;
				GCC_WARN_UNUSED_FUNCTION = YES;
				GCC_WARN_UNUSED_VARIABLE = YES;
				IPHONEOS_DEPLOYMENT_TARGET = 11.2;
				MTL_ENABLE_DEBUG_INFO = YES;
				ONLY_ACTIVE_ARCH = YES;
				SDKROOT = iphoneos;
				SWIFT_ACTIVE_COMPILATION_CONDITIONS = DEBUG;
				SWIFT_OPTIMIZATION_LEVEL = "-Onone";
			};
			name = Debug;
		};
		6605E7E02003234E00B3A154 /* Release */ = {
			isa = XCBuildConfiguration;
			buildSettings = {
				ALWAYS_SEARCH_USER_PATHS = NO;
				CLANG_ANALYZER_NONNULL = YES;
				CLANG_ANALYZER_NUMBER_OBJECT_CONVERSION = YES_AGGRESSIVE;
				CLANG_CXX_LANGUAGE_STANDARD = "gnu++14";
				CLANG_CXX_LIBRARY = "libc++";
				CLANG_ENABLE_MODULES = YES;
				CLANG_ENABLE_OBJC_ARC = YES;
				CLANG_WARN_BLOCK_CAPTURE_AUTORELEASING = YES;
				CLANG_WARN_BOOL_CONVERSION = YES;
				CLANG_WARN_COMMA = YES;
				CLANG_WARN_CONSTANT_CONVERSION = YES;
				CLANG_WARN_DIRECT_OBJC_ISA_USAGE = YES_ERROR;
				CLANG_WARN_DOCUMENTATION_COMMENTS = YES;
				CLANG_WARN_EMPTY_BODY = YES;
				CLANG_WARN_ENUM_CONVERSION = YES;
				CLANG_WARN_INFINITE_RECURSION = YES;
				CLANG_WARN_INT_CONVERSION = YES;
				CLANG_WARN_NON_LITERAL_NULL_CONVERSION = YES;
				CLANG_WARN_OBJC_LITERAL_CONVERSION = YES;
				CLANG_WARN_OBJC_ROOT_CLASS = YES_ERROR;
				CLANG_WARN_RANGE_LOOP_ANALYSIS = YES;
				CLANG_WARN_STRICT_PROTOTYPES = YES;
				CLANG_WARN_SUSPICIOUS_MOVE = YES;
				CLANG_WARN_UNGUARDED_AVAILABILITY = YES_AGGRESSIVE;
				CLANG_WARN_UNREACHABLE_CODE = YES;
				CLANG_WARN__DUPLICATE_METHOD_MATCH = YES;
				CODE_SIGN_IDENTITY = "iPhone Developer";
				COPY_PHASE_STRIP = NO;
				DEBUG_INFORMATION_FORMAT = "dwarf-with-dsym";
				ENABLE_NS_ASSERTIONS = NO;
				ENABLE_STRICT_OBJC_MSGSEND = YES;
				GCC_C_LANGUAGE_STANDARD = gnu11;
				GCC_NO_COMMON_BLOCKS = YES;
				GCC_WARN_64_TO_32_BIT_CONVERSION = YES;
				GCC_WARN_ABOUT_RETURN_TYPE = YES_ERROR;
				GCC_WARN_UNDECLARED_SELECTOR = YES;
				GCC_WARN_UNINITIALIZED_AUTOS = YES_AGGRESSIVE;
				GCC_WARN_UNUSED_FUNCTION = YES;
				GCC_WARN_UNUSED_VARIABLE = YES;
				IPHONEOS_DEPLOYMENT_TARGET = 11.2;
				MTL_ENABLE_DEBUG_INFO = NO;
				SDKROOT = iphoneos;
				SWIFT_OPTIMIZATION_LEVEL = "-Owholemodule";
				VALIDATE_PRODUCT = YES;
			};
			name = Release;
		};
		6605E7E22003234E00B3A154 /* Debug */ = {
			isa = XCBuildConfiguration;
			baseConfigurationReference = B5251473F36A6C6789C0B38D /* Pods-CAUDormitory.debug.xcconfig */;
			buildSettings = {
				ASSETCATALOG_COMPILER_APPICON_NAME = AppIcon;
				CODE_SIGN_STYLE = Automatic;
				INFOPLIST_FILE = "$(SRCROOT)/CAUDormitory/Info.plist";
				LD_RUNPATH_SEARCH_PATHS = "$(inherited) @executable_path/Frameworks";
				PRODUCT_BUNDLE_IDENTIFIER = ac.kr.cau.CAUDormitory;
				PRODUCT_NAME = "$(TARGET_NAME)";
				SWIFT_VERSION = 4.0;
				TARGETED_DEVICE_FAMILY = "1,2";
			};
			name = Debug;
		};
		6605E7E32003234E00B3A154 /* Release */ = {
			isa = XCBuildConfiguration;
			baseConfigurationReference = E6639565FCC93778C9B151A6 /* Pods-CAUDormitory.release.xcconfig */;
			buildSettings = {
				ASSETCATALOG_COMPILER_APPICON_NAME = AppIcon;
				CODE_SIGN_STYLE = Automatic;
				INFOPLIST_FILE = "$(SRCROOT)/CAUDormitory/Info.plist";
				LD_RUNPATH_SEARCH_PATHS = "$(inherited) @executable_path/Frameworks";
				PRODUCT_BUNDLE_IDENTIFIER = ac.kr.cau.CAUDormitory;
				PRODUCT_NAME = "$(TARGET_NAME)";
				SWIFT_VERSION = 4.0;
				TARGETED_DEVICE_FAMILY = "1,2";
			};
			name = Release;
		};
/* End XCBuildConfiguration section */

/* Begin XCConfigurationList section */
		6605E7CA2003234E00B3A154 /* Build configuration list for PBXProject "CAUDormitory" */ = {
			isa = XCConfigurationList;
			buildConfigurations = (
				6605E7DF2003234E00B3A154 /* Debug */,
				6605E7E02003234E00B3A154 /* Release */,
			);
			defaultConfigurationIsVisible = 0;
			defaultConfigurationName = Release;
		};
		6605E7E12003234E00B3A154 /* Build configuration list for PBXNativeTarget "CAUDormitory" */ = {
			isa = XCConfigurationList;
			buildConfigurations = (
				6605E7E22003234E00B3A154 /* Debug */,
				6605E7E32003234E00B3A154 /* Release */,
			);
			defaultConfigurationIsVisible = 0;
			defaultConfigurationName = Release;
		};
/* End XCConfigurationList section */
	};
	rootObject = 6605E7C72003234E00B3A154 /* Project object */;
}
